
Microsoft Visual Studio Solution File, Format Version 12.00
# Blend for Visual Studio Version 17
VisualStudioVersion = 17.11.35208.52
MinimumVisualStudioVersion = 10.0.40219.1
Project("{FAE04EC0-301F-11D3-BF4B-00C04F79EFBC}") = "WpfApp1", "WpfApp1\WpfApp1.csproj", "{A7FD524C-484D-4DC6-8A4B-4E7F9DA7D964}"
EndProject
Global
	GlobalSection(SolutionConfigurationPlatforms) = preSolution
		Debug|Any CPU = Debug|Any CPU
		Release|Any CPU = Release|Any CPU
	EndGlobalSection
	GlobalSection(ProjectConfigurationPlatforms) = postSolution
		{A7FD524C-484D-4DC6-8A4B-4E7F9DA7D964}.Debug|Any CPU.ActiveCfg = Debug|Any CPU
		{A7FD524C-484D-4DC6-8A4B-4E7F9DA7D964}.Debug|Any CPU.Build.0 = Debug|Any CPU
		{A7FD524C-484D-4DC6-8A4B-4E7F9DA7D964}.Release|Any CPU.ActiveCfg = Release|Any CPU
		{A7FD524C-484D-4DC6-8A4B-4E7F9DA7D964}.Release|Any CPU.Build.0 = Release|Any CPU
	EndGlobalSection
	GlobalSection(SolutionProperties) = preSolution
		HideSolutionNode = FALSE
	EndGlobalSection
	GlobalSection(ExtensibilityGlobals) = postSolution
		SolutionGuid = {3A7D2F89-6D0F-492B-BF90-5531300E5753}
	EndGlobalSection
EndGlobal
